
Microsoft Visual Studio Solution File, Format Version 12.00
# Visual Studio 15
VisualStudioVersion = 15.0.28010.2036
MinimumVisualStudioVersion = 10.0.40219.1
Project("{9A19103F-16F7-4668-BE54-9A1E7A4F7556}") = "Timers.Server", "Timers.Server\Timers.Server.csproj", "{3EB17E08-81B5-4D3A-A5A7-FC7E5D52B31C}"
EndProject
Project("{9A19103F-16F7-4668-BE54-9A1E7A4F7556}") = "Timers.Client", "Timers.Client\Timers.Client.csproj", "{9B312D5A-78B4-40E8-8EC0-9BC6DCC92683}"
EndProject
Project("{9A19103F-16F7-4668-BE54-9A1E7A4F7556}") = "Timers.Shared", "Timers.Shared\Timers.Shared.csproj", "{EEF489E1-50EB-42F4-86C5-41BC17C788E2}"
EndProject
Project("{9A19103F-16F7-4668-BE54-9A1E7A4F7556}") = "Timers.Tests", "Timers.Tests\Timers.Tests.csproj", "{764140DC-FC40-4410-939A-6E4FDD32991A}"
EndProject
Global
	GlobalSection(SolutionConfigurationPlatforms) = preSolution
		Debug|Any CPU = Debug|Any CPU
		Release|Any CPU = Release|Any CPU
	EndGlobalSection
	GlobalSection(ProjectConfigurationPlatforms) = postSolution
		{3EB17E08-81B5-4D3A-A5A7-FC7E5D52B31C}.Debug|Any CPU.ActiveCfg = Debug|Any CPU
		{3EB17E08-81B5-4D3A-A5A7-FC7E5D52B31C}.Debug|Any CPU.Build.0 = Debug|Any CPU
		{3EB17E08-81B5-4D3A-A5A7-FC7E5D52B31C}.Release|Any CPU.ActiveCfg = Release|Any CPU
		{3EB17E08-81B5-4D3A-A5A7-FC7E5D52B31C}.Release|Any CPU.Build.0 = Release|Any CPU
		{9B312D5A-78B4-40E8-8EC0-9BC6DCC92683}.Debug|Any CPU.ActiveCfg = Debug|Any CPU
		{9B312D5A-78B4-40E8-8EC0-9BC6DCC92683}.Debug|Any CPU.Build.0 = Debug|Any CPU
		{9B312D5A-78B4-40E8-8EC0-9BC6DCC92683}.Release|Any CPU.ActiveCfg = Release|Any CPU
		{9B312D5A-78B4-40E8-8EC0-9BC6DCC92683}.Release|Any CPU.Build.0 = Release|Any CPU
		{EEF489E1-50EB-42F4-86C5-41BC17C788E2}.Debug|Any CPU.ActiveCfg = Debug|Any CPU
		{EEF489E1-50EB-42F4-86C5-41BC17C788E2}.Debug|Any CPU.Build.0 = Debug|Any CPU
		{EEF489E1-50EB-42F4-86C5-41BC17C788E2}.Release|Any CPU.ActiveCfg = Release|Any CPU
		{EEF489E1-50EB-42F4-86C5-41BC17C788E2}.Release|Any CPU.Build.0 = Release|Any CPU
		{764140DC-FC40-4410-939A-6E4FDD32991A}.Debug|Any CPU.ActiveCfg = Debug|Any CPU
		{764140DC-FC40-4410-939A-6E4FDD32991A}.Debug|Any CPU.Build.0 = Debug|Any CPU
		{764140DC-FC40-4410-939A-6E4FDD32991A}.Release|Any CPU.ActiveCfg = Release|Any CPU
		{764140DC-FC40-4410-939A-6E4FDD32991A}.Release|Any CPU.Build.0 = Release|Any CPU
	EndGlobalSection
	GlobalSection(SolutionProperties) = preSolution
		HideSolutionNode = FALSE
	EndGlobalSection
	GlobalSection(ExtensibilityGlobals) = postSolution
		SolutionGuid = {8DB02BC4-F860-48D8-9E49-D4DA614896F1}
	EndGlobalSection
EndGlobal
